
Microsoft Visual Studio Solution File, Format Version 12.00
# Visual Studio Version 17
VisualStudioVersion = 17.0.31903.59
MinimumVisualStudioVersion = 10.0.40219.1
Project("{FAE04EC0-301F-11D3-BF4B-00C04F79EFBC}") = "BookMyMovie.Api", "BookMyMovie.Api\BookMyMovie.Api.csproj", "{CF0EC1E1-87F4-47D3-9C55-EEFA7174152F}"
EndProject
Project("{FAE04EC0-301F-11D3-BF4B-00C04F79EFBC}") = "BookMyMovie.Application", "BookMyMovie.Application\BookMyMovie.Application.csproj", "{8F0F4614-2CE7-4C6A-82C4-DC1CBFBEB8FB}"
EndProject
Project("{FAE04EC0-301F-11D3-BF4B-00C04F79EFBC}") = "BookMyMovie.Contracts", "BookMyMovie.Contracts\BookMyMovie.Contracts.csproj", "{1C4D5334-2BBB-424A-BC1B-FD3601A69FC4}"
EndProject
Project("{FAE04EC0-301F-11D3-BF4B-00C04F79EFBC}") = "BookMyMovie.Domain", "BookMyMovie.Domain\BookMyMovie.Domain.csproj", "{AA05C6AA-6371-453B-ACFB-7822E1F04DD2}"
EndProject
Project("{FAE04EC0-301F-11D3-BF4B-00C04F79EFBC}") = "BookMyMovie.Infrastructure", "BookMyMovie.Infrastructure\BookMyMovie.Infrastructure.csproj", "{E8EC0CAC-7EEA-432C-9F9F-2E7A47B6820A}"
EndProject
Global
	GlobalSection(SolutionConfigurationPlatforms) = preSolution
		Debug|Any CPU = Debug|Any CPU
		Release|Any CPU = Release|Any CPU
	EndGlobalSection
	GlobalSection(SolutionProperties) = preSolution
		HideSolutionNode = FALSE
	EndGlobalSection
	GlobalSection(ProjectConfigurationPlatforms) = postSolution
		{CF0EC1E1-87F4-47D3-9C55-EEFA7174152F}.Debug|Any CPU.ActiveCfg = Debug|Any CPU
		{CF0EC1E1-87F4-47D3-9C55-EEFA7174152F}.Debug|Any CPU.Build.0 = Debug|Any CPU
		{CF0EC1E1-87F4-47D3-9C55-EEFA7174152F}.Release|Any CPU.ActiveCfg = Release|Any CPU
		{CF0EC1E1-87F4-47D3-9C55-EEFA7174152F}.Release|Any CPU.Build.0 = Release|Any CPU
		{8F0F4614-2CE7-4C6A-82C4-DC1CBFBEB8FB}.Debug|Any CPU.ActiveCfg = Debug|Any CPU
		{8F0F4614-2CE7-4C6A-82C4-DC1CBFBEB8FB}.Debug|Any CPU.Build.0 = Debug|Any CPU
		{8F0F4614-2CE7-4C6A-82C4-DC1CBFBEB8FB}.Release|Any CPU.ActiveCfg = Release|Any CPU
		{8F0F4614-2CE7-4C6A-82C4-DC1CBFBEB8FB}.Release|Any CPU.Build.0 = Release|Any CPU
		{1C4D5334-2BBB-424A-BC1B-FD3601A69FC4}.Debug|Any CPU.ActiveCfg = Debug|Any CPU
		{1C4D5334-2BBB-424A-BC1B-FD3601A69FC4}.Debug|Any CPU.Build.0 = Debug|Any CPU
		{1C4D5334-2BBB-424A-BC1B-FD3601A69FC4}.Release|Any CPU.ActiveCfg = Release|Any CPU
		{1C4D5334-2BBB-424A-BC1B-FD3601A69FC4}.Release|Any CPU.Build.0 = Release|Any CPU
		{AA05C6AA-6371-453B-ACFB-7822E1F04DD2}.Debug|Any CPU.ActiveCfg = Debug|Any CPU
		{AA05C6AA-6371-453B-ACFB-7822E1F04DD2}.Debug|Any CPU.Build.0 = Debug|Any CPU
		{AA05C6AA-6371-453B-ACFB-7822E1F04DD2}.Release|Any CPU.ActiveCfg = Release|Any CPU
		{AA05C6AA-6371-453B-ACFB-7822E1F04DD2}.Release|Any CPU.Build.0 = Release|Any CPU
		{E8EC0CAC-7EEA-432C-9F9F-2E7A47B6820A}.Debug|Any CPU.ActiveCfg = Debug|Any CPU
		{E8EC0CAC-7EEA-432C-9F9F-2E7A47B6820A}.Debug|Any CPU.Build.0 = Debug|Any CPU
		{E8EC0CAC-7EEA-432C-9F9F-2E7A47B6820A}.Release|Any CPU.ActiveCfg = Release|Any CPU
		{E8EC0CAC-7EEA-432C-9F9F-2E7A47B6820A}.Release|Any CPU.Build.0 = Release|Any CPU
	EndGlobalSection
EndGlobal
